
Microsoft Visual Studio Solution File, Format Version 12.00
# Visual Studio 15
VisualStudioVersion = 15.0.28010.2016
MinimumVisualStudioVersion = 10.0.40219.1
Project("{FAE04EC0-301F-11D3-BF4B-00C04F79EFBC}") = "cis237-inclass3", "cis237-inclass3\cis237-inclass3.csproj", "{7784229B-9048-45C1-B64D-9EEBCB4AFFA2}"
EndProject
Project("{FAE04EC0-301F-11D3-BF4B-00C04F79EFBC}") = "FilterLibrary", "FilterLibrary\FilterLibrary.csproj", "{6837D216-66AE-4DC8-9E49-C44502AC4667}"
EndProject
Project("{FAE04EC0-301F-11D3-BF4B-00C04F79EFBC}") = "cis237-inclass3Tests", "cis237-inclass3Tests\cis237-inclass3Tests.csproj", "{70805495-94CF-46A4-813F-1B5ED7DFD124}"
EndProject
Global
	GlobalSection(SolutionConfigurationPlatforms) = preSolution
		Debug|Any CPU = Debug|Any CPU
		Release|Any CPU = Release|Any CPU
	EndGlobalSection
	GlobalSection(ProjectConfigurationPlatforms) = postSolution
		{7784229B-9048-45C1-B64D-9EEBCB4AFFA2}.Debug|Any CPU.ActiveCfg = Debug|Any CPU
		{7784229B-9048-45C1-B64D-9EEBCB4AFFA2}.Debug|Any CPU.Build.0 = Debug|Any CPU
		{7784229B-9048-45C1-B64D-9EEBCB4AFFA2}.Release|Any CPU.ActiveCfg = Release|Any CPU
		{7784229B-9048-45C1-B64D-9EEBCB4AFFA2}.Release|Any CPU.Build.0 = Release|Any CPU
		{6837D216-66AE-4DC8-9E49-C44502AC4667}.Debug|Any CPU.ActiveCfg = Debug|Any CPU
		{6837D216-66AE-4DC8-9E49-C44502AC4667}.Debug|Any CPU.Build.0 = Debug|Any CPU
		{6837D216-66AE-4DC8-9E49-C44502AC4667}.Release|Any CPU.ActiveCfg = Release|Any CPU
		{6837D216-66AE-4DC8-9E49-C44502AC4667}.Release|Any CPU.Build.0 = Release|Any CPU
		{70805495-94CF-46A4-813F-1B5ED7DFD124}.Debug|Any CPU.ActiveCfg = Debug|Any CPU
		{70805495-94CF-46A4-813F-1B5ED7DFD124}.Debug|Any CPU.Build.0 = Debug|Any CPU
		{70805495-94CF-46A4-813F-1B5ED7DFD124}.Release|Any CPU.ActiveCfg = Release|Any CPU
		{70805495-94CF-46A4-813F-1B5ED7DFD124}.Release|Any CPU.Build.0 = Release|Any CPU
	EndGlobalSection
	GlobalSection(SolutionProperties) = preSolution
		HideSolutionNode = FALSE
	EndGlobalSection
	GlobalSection(ExtensibilityGlobals) = postSolution
		SolutionGuid = {3262D300-7354-480B-8999-C6731763B7AE}
	EndGlobalSection
EndGlobal
